
Microsoft Visual Studio Solution File, Format Version 12.00
# Visual Studio Version 16
VisualStudioVersion = 16.0.33529.622
MinimumVisualStudioVersion = 10.0.40219.1
Project("{FAE04EC0-301F-11D3-BF4B-00C04F79EFBC}") = "TurnBasedGame", "TurnBasedGame.csproj", "{7224709E-7EAC-4C76-868A-CE911491BF39}"
EndProject
Global
	GlobalSection(SolutionConfigurationPlatforms) = preSolution
		Debug|Any CPU = Debug|Any CPU
		Release|Any CPU = Release|Any CPU
	EndGlobalSection
	GlobalSection(ProjectConfigurationPlatforms) = postSolution
		{7224709E-7EAC-4C76-868A-CE911491BF39}.Debug|Any CPU.ActiveCfg = Debug|Any CPU
		{7224709E-7EAC-4C76-868A-CE911491BF39}.Debug|Any CPU.Build.0 = Debug|Any CPU
		{7224709E-7EAC-4C76-868A-CE911491BF39}.Release|Any CPU.ActiveCfg = Release|Any CPU
		{7224709E-7EAC-4C76-868A-CE911491BF39}.Release|Any CPU.Build.0 = Release|Any CPU
	EndGlobalSection
	GlobalSection(SolutionProperties) = preSolution
		HideSolutionNode = FALSE
	EndGlobalSection
	GlobalSection(ExtensibilityGlobals) = postSolution
		SolutionGuid = {BDA1EC60-0727-4F12-932A-B741F80C91A3}
	EndGlobalSection
EndGlobal
